
Microsoft Visual Studio Solution File, Format Version 12.00
# Visual Studio Version 17
VisualStudioVersion = 17.5.002.0
MinimumVisualStudioVersion = 10.0.40219.1
Project("{9A19103F-16F7-4668-BE54-9A1E7A4F7556}") = "PI", "PI.csproj", "{049ED63C-ABE9-4A64-B6C2-D515C9C7F973}"
EndProject
Global
	GlobalSection(SolutionConfigurationPlatforms) = preSolution
		Debug|Any CPU = Debug|Any CPU
		Release|Any CPU = Release|Any CPU
	EndGlobalSection
	GlobalSection(ProjectConfigurationPlatforms) = postSolution
		{049ED63C-ABE9-4A64-B6C2-D515C9C7F973}.Debug|Any CPU.ActiveCfg = Debug|Any CPU
		{049ED63C-ABE9-4A64-B6C2-D515C9C7F973}.Debug|Any CPU.Build.0 = Debug|Any CPU
		{049ED63C-ABE9-4A64-B6C2-D515C9C7F973}.Release|Any CPU.ActiveCfg = Release|Any CPU
		{049ED63C-ABE9-4A64-B6C2-D515C9C7F973}.Release|Any CPU.Build.0 = Release|Any CPU
	EndGlobalSection
	GlobalSection(SolutionProperties) = preSolution
		HideSolutionNode = FALSE
	EndGlobalSection
	GlobalSection(ExtensibilityGlobals) = postSolution
		SolutionGuid = {11C3C7DA-CBC4-46BE-9A6F-6A6BCD03A814}
	EndGlobalSection
EndGlobal
